
Microsoft Visual Studio Solution File, Format Version 12.00
# Visual Studio Version 16
VisualStudioVersion = 16.0.31515.178
MinimumVisualStudioVersion = 10.0.40219.1
Project("{9A19103F-16F7-4668-BE54-9A1E7A4F7556}") = "ExplicitDeepCopyInterface", "PrototypeWithCopyConstructor\ExplicitDeepCopyInterface.csproj", "{F903B8B5-1DFB-43AE-BF7A-35F65CB98241}"
EndProject
Project("{9A19103F-16F7-4668-BE54-9A1E7A4F7556}") = "CopyConstructor", "CopyConstructor\CopyConstructor.csproj", "{FABF33F3-0843-499D-8CFA-DB256E5E890F}"
EndProject
Project("{FAE04EC0-301F-11D3-BF4B-00C04F79EFBC}") = "PrototypeInheritance", "PrototypeInheritance\PrototypeInheritance.csproj", "{D4C3B98F-5507-44D4-9516-E240810F382E}"
EndProject
Project("{FAE04EC0-301F-11D3-BF4B-00C04F79EFBC}") = "CopyThroughSerialization", "CopyThroughSerialization\CopyThroughSerialization.csproj", "{FFA4E4F1-A99F-44CC-9DA1-42FA5D176C0A}"
EndProject
Project("{FAE04EC0-301F-11D3-BF4B-00C04F79EFBC}") = "PrototypeCodingExercise", "PrototypeCodingExercise\PrototypeCodingExercise.csproj", "{775F678B-E5B8-411C-9C3A-95674CDE8B4E}"
EndProject
Global
	GlobalSection(SolutionConfigurationPlatforms) = preSolution
		Debug|Any CPU = Debug|Any CPU
		Release|Any CPU = Release|Any CPU
	EndGlobalSection
	GlobalSection(ProjectConfigurationPlatforms) = postSolution
		{F903B8B5-1DFB-43AE-BF7A-35F65CB98241}.Debug|Any CPU.ActiveCfg = Debug|Any CPU
		{F903B8B5-1DFB-43AE-BF7A-35F65CB98241}.Debug|Any CPU.Build.0 = Debug|Any CPU
		{F903B8B5-1DFB-43AE-BF7A-35F65CB98241}.Release|Any CPU.ActiveCfg = Release|Any CPU
		{F903B8B5-1DFB-43AE-BF7A-35F65CB98241}.Release|Any CPU.Build.0 = Release|Any CPU
		{FABF33F3-0843-499D-8CFA-DB256E5E890F}.Debug|Any CPU.ActiveCfg = Debug|Any CPU
		{FABF33F3-0843-499D-8CFA-DB256E5E890F}.Debug|Any CPU.Build.0 = Debug|Any CPU
		{FABF33F3-0843-499D-8CFA-DB256E5E890F}.Release|Any CPU.ActiveCfg = Release|Any CPU
		{FABF33F3-0843-499D-8CFA-DB256E5E890F}.Release|Any CPU.Build.0 = Release|Any CPU
		{D4C3B98F-5507-44D4-9516-E240810F382E}.Debug|Any CPU.ActiveCfg = Debug|Any CPU
		{D4C3B98F-5507-44D4-9516-E240810F382E}.Debug|Any CPU.Build.0 = Debug|Any CPU
		{D4C3B98F-5507-44D4-9516-E240810F382E}.Release|Any CPU.ActiveCfg = Release|Any CPU
		{D4C3B98F-5507-44D4-9516-E240810F382E}.Release|Any CPU.Build.0 = Release|Any CPU
		{FFA4E4F1-A99F-44CC-9DA1-42FA5D176C0A}.Debug|Any CPU.ActiveCfg = Debug|Any CPU
		{FFA4E4F1-A99F-44CC-9DA1-42FA5D176C0A}.Debug|Any CPU.Build.0 = Debug|Any CPU
		{FFA4E4F1-A99F-44CC-9DA1-42FA5D176C0A}.Release|Any CPU.ActiveCfg = Release|Any CPU
		{FFA4E4F1-A99F-44CC-9DA1-42FA5D176C0A}.Release|Any CPU.Build.0 = Release|Any CPU
		{775F678B-E5B8-411C-9C3A-95674CDE8B4E}.Debug|Any CPU.ActiveCfg = Debug|Any CPU
		{775F678B-E5B8-411C-9C3A-95674CDE8B4E}.Debug|Any CPU.Build.0 = Debug|Any CPU
		{775F678B-E5B8-411C-9C3A-95674CDE8B4E}.Release|Any CPU.ActiveCfg = Release|Any CPU
		{775F678B-E5B8-411C-9C3A-95674CDE8B4E}.Release|Any CPU.Build.0 = Release|Any CPU
	EndGlobalSection
	GlobalSection(SolutionProperties) = preSolution
		HideSolutionNode = FALSE
	EndGlobalSection
	GlobalSection(ExtensibilityGlobals) = postSolution
		SolutionGuid = {1A8571B4-DE3B-4941-B51D-F0E776B9631D}
	EndGlobalSection
EndGlobal
